
Microsoft Visual Studio Solution File, Format Version 12.00
# Visual Studio 15
Project("{FAE04EC0-301F-11D3-BF4B-00C04F79EFBC}") = "UnityUIExtensions", "UnityUIExtensions.csproj", "{CC66075C-9E5E-F5ED-FD7A-CEC260097441}"
EndProject
Project("{FAE04EC0-301F-11D3-BF4B-00C04F79EFBC}") = "Assembly-CSharp", "Assembly-CSharp.csproj", "{1AF7E356-2D58-7119-FE6C-C1ED31A62E64}"
EndProject
Project("{FAE04EC0-301F-11D3-BF4B-00C04F79EFBC}") = "bilibili.OpenBLive", "bilibili.OpenBLive.csproj", "{66BA8856-9D31-81A3-057E-44880A80C1EB}"
EndProject
Project("{FAE04EC0-301F-11D3-BF4B-00C04F79EFBC}") = "UnityUIExtensions.editor", "UnityUIExtensions.editor.csproj", "{A6955585-8BBB-6841-BC7E-4114E22674EF}"
EndProject
Project("{FAE04EC0-301F-11D3-BF4B-00C04F79EFBC}") = "Nobi.UiRoundedCorners", "Nobi.UiRoundedCorners.csproj", "{44E94527-4C54-68DF-916D-43E6AAC79B92}"
EndProject
Project("{FAE04EC0-301F-11D3-BF4B-00C04F79EFBC}") = "Nobi.UiRoundedCorners.Editor", "Nobi.UiRoundedCorners.Editor.csproj", "{0A6B1C11-D42F-AA78-5EA5-079602729E4F}"
EndProject
Project("{FAE04EC0-301F-11D3-BF4B-00C04F79EFBC}") = "OpenBLive.Samples.Script", "OpenBLive.Samples.Script.csproj", "{6B4CFAC6-FDEE-EBED-E60E-01B113561B41}"
EndProject
Global
	GlobalSection(SolutionConfigurationPlatforms) = preSolution
		Debug|Any CPU = Debug|Any CPU
		Release|Any CPU = Release|Any CPU
	EndGlobalSection
	GlobalSection(ProjectConfigurationPlatforms) = postSolution
		{CC66075C-9E5E-F5ED-FD7A-CEC260097441}.Debug|Any CPU.ActiveCfg = Debug|Any CPU
		{CC66075C-9E5E-F5ED-FD7A-CEC260097441}.Debug|Any CPU.Build.0 = Debug|Any CPU
		{CC66075C-9E5E-F5ED-FD7A-CEC260097441}.Release|Any CPU.ActiveCfg = Release|Any CPU
		{CC66075C-9E5E-F5ED-FD7A-CEC260097441}.Release|Any CPU.Build.0 = Release|Any CPU
		{1AF7E356-2D58-7119-FE6C-C1ED31A62E64}.Debug|Any CPU.ActiveCfg = Debug|Any CPU
		{1AF7E356-2D58-7119-FE6C-C1ED31A62E64}.Debug|Any CPU.Build.0 = Debug|Any CPU
		{1AF7E356-2D58-7119-FE6C-C1ED31A62E64}.Release|Any CPU.ActiveCfg = Release|Any CPU
		{1AF7E356-2D58-7119-FE6C-C1ED31A62E64}.Release|Any CPU.Build.0 = Release|Any CPU
		{66BA8856-9D31-81A3-057E-44880A80C1EB}.Debug|Any CPU.ActiveCfg = Debug|Any CPU
		{66BA8856-9D31-81A3-057E-44880A80C1EB}.Debug|Any CPU.Build.0 = Debug|Any CPU
		{66BA8856-9D31-81A3-057E-44880A80C1EB}.Release|Any CPU.ActiveCfg = Release|Any CPU
		{66BA8856-9D31-81A3-057E-44880A80C1EB}.Release|Any CPU.Build.0 = Release|Any CPU
		{A6955585-8BBB-6841-BC7E-4114E22674EF}.Debug|Any CPU.ActiveCfg = Debug|Any CPU
		{A6955585-8BBB-6841-BC7E-4114E22674EF}.Debug|Any CPU.Build.0 = Debug|Any CPU
		{A6955585-8BBB-6841-BC7E-4114E22674EF}.Release|Any CPU.ActiveCfg = Release|Any CPU
		{A6955585-8BBB-6841-BC7E-4114E22674EF}.Release|Any CPU.Build.0 = Release|Any CPU
		{44E94527-4C54-68DF-916D-43E6AAC79B92}.Debug|Any CPU.ActiveCfg = Debug|Any CPU
		{44E94527-4C54-68DF-916D-43E6AAC79B92}.Debug|Any CPU.Build.0 = Debug|Any CPU
		{44E94527-4C54-68DF-916D-43E6AAC79B92}.Release|Any CPU.ActiveCfg = Release|Any CPU
		{44E94527-4C54-68DF-916D-43E6AAC79B92}.Release|Any CPU.Build.0 = Release|Any CPU
		{0A6B1C11-D42F-AA78-5EA5-079602729E4F}.Debug|Any CPU.ActiveCfg = Debug|Any CPU
		{0A6B1C11-D42F-AA78-5EA5-079602729E4F}.Debug|Any CPU.Build.0 = Debug|Any CPU
		{0A6B1C11-D42F-AA78-5EA5-079602729E4F}.Release|Any CPU.ActiveCfg = Release|Any CPU
		{0A6B1C11-D42F-AA78-5EA5-079602729E4F}.Release|Any CPU.Build.0 = Release|Any CPU
		{6B4CFAC6-FDEE-EBED-E60E-01B113561B41}.Debug|Any CPU.ActiveCfg = Debug|Any CPU
		{6B4CFAC6-FDEE-EBED-E60E-01B113561B41}.Debug|Any CPU.Build.0 = Debug|Any CPU
		{6B4CFAC6-FDEE-EBED-E60E-01B113561B41}.Release|Any CPU.ActiveCfg = Release|Any CPU
		{6B4CFAC6-FDEE-EBED-E60E-01B113561B41}.Release|Any CPU.Build.0 = Release|Any CPU
	EndGlobalSection
	GlobalSection(SolutionProperties) = preSolution
		HideSolutionNode = FALSE
	EndGlobalSection
EndGlobal
